// !$*UTF8*$!
{
	archiveVersion = 1;
	classes = {
	};
	objectVersion = 55;
	objects = {

/* Begin PBXBuildFile section */
		393B9A31273D061F000F519F /* AppDelegate.swift in Sources */ = {isa = PBXBuildFile; fileRef = 393B9A30273D061F000F519F /* AppDelegate.swift */; };
		393B9A33273D061F000F519F /* SceneDelegate.swift in Sources */ = {isa = PBXBuildFile; fileRef = 393B9A32273D061F000F519F /* SceneDelegate.swift */; };
		393B9A35273D061F000F519F /* ViewController.swift in Sources */ = {isa = PBXBuildFile; fileRef = 393B9A34273D061F000F519F /* ViewController.swift */; };
		393B9A38273D061F000F519F /* Main.storyboard in Resources */ = {isa = PBXBuildFile; fileRef = 393B9A36273D061F000F519F /* Main.storyboard */; };
		393B9A3B273D061F000F519F /* RandomInsultGenerator.xcdatamodeld in Sources */ = {isa = PBXBuildFile; fileRef = 393B9A39273D061F000F519F /* RandomInsultGenerator.xcdatamodeld */; };
		393B9A3D273D0620000F519F /* Assets.xcassets in Resources */ = {isa = PBXBuildFile; fileRef = 393B9A3C273D0620000F519F /* Assets.xcassets */; };
		393B9A40273D0620000F519F /* LaunchScreen.storyboard in Resources */ = {isa = PBXBuildFile; fileRef = 393B9A3E273D0620000F519F /* LaunchScreen.storyboard */; };
		393B9A48273D0678000F519F /* AlertController.swift in Sources */ = {isa = PBXBuildFile; fileRef = 393B9A47273D0678000F519F /* AlertController.swift */; };
		393B9A4B273D0728000F519F /* Model.swift in Sources */ = {isa = PBXBuildFile; fileRef = 393B9A4A273D0728000F519F /* Model.swift */; };
		393B9A4D273D07AB000F519F /* InsultsTableVC.swift in Sources */ = {isa = PBXBuildFile; fileRef = 393B9A4C273D07AB000F519F /* InsultsTableVC.swift */; };
		393B9A4F273D0B71000F519F /* StorageManager.swift in Sources */ = {isa = PBXBuildFile; fileRef = 393B9A4E273D0B71000F519F /* StorageManager.swift */; };
		393B9A51273D0B97000F519F /* NetworkManager.swift in Sources */ = {isa = PBXBuildFile; fileRef = 393B9A50273D0B97000F519F /* NetworkManager.swift */; };
/* End PBXBuildFile section */

/* Begin PBXFileReference section */
		393B9A2D273D061F000F519F /* RandomInsultGenerator.app */ = {isa = PBXFileReference; explicitFileType = wrapper.application; includeInIndex = 0; path = RandomInsultGenerator.app; sourceTree = BUILT_PRODUCTS_DIR; };
		393B9A30273D061F000F519F /* AppDelegate.swift */ = {isa = PBXFileReference; lastKnownFileType = sourcecode.swift; path = AppDelegate.swift; sourceTree = "<group>"; };
		393B9A32273D061F000F519F /* SceneDelegate.swift */ = {isa = PBXFileReference; lastKnownFileType = sourcecode.swift; path = SceneDelegate.swift; sourceTree = "<group>"; };
		393B9A34273D061F000F519F /* ViewController.swift */ = {isa = PBXFileReference; lastKnownFileType = sourcecode.swift; path = ViewController.swift; sourceTree = "<group>"; };
		393B9A37273D061F000F519F /* Base */ = {isa = PBXFileReference; lastKnownFileType = file.storyboard; name = Base; path = Base.lproj/Main.storyboard; sourceTree = "<group>"; };
		393B9A3A273D061F000F519F /* RandomInsultGenerator.xcdatamodel */ = {isa = PBXFileReference; lastKnownFileType = wrapper.xcdatamodel; path = RandomInsultGenerator.xcdatamodel; sourceTree = "<group>"; };
		393B9A3C273D0620000F519F /* Assets.xcassets */ = {isa = PBXFileReference; lastKnownFileType = folder.assetcatalog; path = Assets.xcassets; sourceTree = "<group>"; };
		393B9A3F273D0620000F519F /* Base */ = {isa = PBXFileReference; lastKnownFileType = file.storyboard; name = Base; path = Base.lproj/LaunchScreen.storyboard; sourceTree = "<group>"; };
		393B9A41273D0620000F519F /* Info.plist */ = {isa = PBXFileReference; lastKnownFileType = text.plist.xml; path = Info.plist; sourceTree = "<group>"; };
		393B9A47273D0678000F519F /* AlertController.swift */ = {isa = PBXFileReference; lastKnownFileType = sourcecode.swift; path = AlertController.swift; sourceTree = "<group>"; };
		393B9A4A273D0728000F519F /* Model.swift */ = {isa = PBXFileReference; lastKnownFileType = sourcecode.swift; path = Model.swift; sourceTree = "<group>"; };
		393B9A4C273D07AB000F519F /* InsultsTableVC.swift */ = {isa = PBXFileReference; lastKnownFileType = sourcecode.swift; path = InsultsTableVC.swift; sourceTree = "<group>"; };
		393B9A4E273D0B71000F519F /* StorageManager.swift */ = {isa = PBXFileReference; lastKnownFileType = sourcecode.swift; path = StorageManager.swift; sourceTree = "<group>"; };
		393B9A50273D0B97000F519F /* NetworkManager.swift */ = {isa = PBXFileReference; lastKnownFileType = sourcecode.swift; path = NetworkManager.swift; sourceTree = "<group>"; };
/* End PBXFileReference section */

/* Begin PBXFrameworksBuildPhase section */
		393B9A2A273D061F000F519F /* Frameworks */ = {
			isa = PBXFrameworksBuildPhase;
			buildActionMask = 2147483647;
			files = (
			);
			runOnlyForDeploymentPostprocessing = 0;
		};
/* End PBXFrameworksBuildPhase section */

/* Begin PBXGroup section */
		393B9A24273D061F000F519F = {
			isa = PBXGroup;
			children = (
				393B9A2F273D061F000F519F /* RandomInsultGenerator */,
				393B9A2E273D061F000F519F /* Products */,
			);
			sourceTree = "<group>";
		};
		393B9A2E273D061F000F519F /* Products */ = {
			isa = PBXGroup;
			children = (
				393B9A2D273D061F000F519F /* RandomInsultGenerator.app */,
			);
			name = Products;
			sourceTree = "<group>";
		};
		393B9A2F273D061F000F519F /* RandomInsultGenerator */ = {
			isa = PBXGroup;
			children = (
				393B9A49273D06F9000F519F /* Alert */,
				393B9A53273D1122000F519F /* Views */,
				393B9A52273D10E7000F519F /* Servises */,
				393B9A4A273D0728000F519F /* Model.swift */,
				393B9A32273D061F000F519F /* SceneDelegate.swift */,
				393B9A30273D061F000F519F /* AppDelegate.swift */,
				393B9A36273D061F000F519F /* Main.storyboard */,
				393B9A3C273D0620000F519F /* Assets.xcassets */,
				393B9A3E273D0620000F519F /* LaunchScreen.storyboard */,
				393B9A41273D0620000F519F /* Info.plist */,
				393B9A39273D061F000F519F /* RandomInsultGenerator.xcdatamodeld */,
			);
			path = RandomInsultGenerator;
			sourceTree = "<group>";
		};
		393B9A49273D06F9000F519F /* Alert */ = {
			isa = PBXGroup;
			children = (
				393B9A47273D0678000F519F /* AlertController.swift */,
			);
			path = Alert;
			sourceTree = "<group>";
		};
		393B9A52273D10E7000F519F /* Servises */ = {
			isa = PBXGroup;
			children = (
				393B9A4E273D0B71000F519F /* StorageManager.swift */,
				393B9A50273D0B97000F519F /* NetworkManager.swift */,
			);
			path = Servises;
			sourceTree = "<group>";
		};
		393B9A53273D1122000F519F /* Views */ = {
			isa = PBXGroup;
			children = (
				393B9A34273D061F000F519F /* ViewController.swift */,
				393B9A4C273D07AB000F519F /* InsultsTableVC.swift */,
			);
			path = Views;
			sourceTree = "<group>";
		};
/* End PBXGroup section */

/* Begin PBXNativeTarget section */
		393B9A2C273D061F000F519F /* RandomInsultGenerator */ = {
			isa = PBXNativeTarget;
			buildConfigurationList = 393B9A44273D0620000F519F /* Build configuration list for PBXNativeTarget "RandomInsultGenerator" */;
			buildPhases = (
				393B9A29273D061F000F519F /* Sources */,
				393B9A2A273D061F000F519F /* Frameworks */,
				393B9A2B273D061F000F519F /* Resources */,
			);
			buildRules = (
			);
			dependencies = (
			);
			name = RandomInsultGenerator;
			productName = RandomInsultGenerator;
			productReference = 393B9A2D273D061F000F519F /* RandomInsultGenerator.app */;
			productType = "com.apple.product-type.application";
		};
/* End PBXNativeTarget section */

/* Begin PBXProject section */
		393B9A25273D061F000F519F /* Project object */ = {
			isa = PBXProject;
			attributes = {
				BuildIndependentTargetsInParallel = 1;
				LastSwiftUpdateCheck = 1300;
				LastUpgradeCheck = 1300;
				TargetAttributes = {
					393B9A2C273D061F000F519F = {
						CreatedOnToolsVersion = 13.0;
					};
				};
			};
			buildConfigurationList = 393B9A28273D061F000F519F /* Build configuration list for PBXProject "RandomInsultGenerator" */;
			compatibilityVersion = "Xcode 13.0";
			developmentRegion = en;
			hasScannedForEncodings = 0;
			knownRegions = (
				en,
				Base,
			);
			mainGroup = 393B9A24273D061F000F519F;
			productRefGroup = 393B9A2E273D061F000F519F /* Products */;
			projectDirPath = "";
			projectRoot = "";
			targets = (
				393B9A2C273D061F000F519F /* RandomInsultGenerator */,
			);
		};
/* End PBXProject section */

/* Begin PBXResourcesBuildPhase section */
		393B9A2B273D061F000F519F /* Resources */ = {
			isa = PBXResourcesBuildPhase;
			buildActionMask = 2147483647;
			files = (
				393B9A40273D0620000F519F /* LaunchScreen.storyboard in Resources */,
				393B9A3D273D0620000F519F /* Assets.xcassets in Resources */,
				393B9A38273D061F000F519F /* Main.storyboard in Resources */,
			);
			runOnlyForDeploymentPostprocessing = 0;
		};
/* End PBXResourcesBuildPhase section */

/* Begin PBXSourcesBuildPhase section */
		393B9A29273D061F000F519F /* Sources */ = {
			isa = PBXSourcesBuildPhase;
			buildActionMask = 2147483647;
			files = (
				393B9A51273D0B97000F519F /* NetworkManager.swift in Sources */,
				393B9A35273D061F000F519F /* ViewController.swift in Sources */,
				393B9A48273D0678000F519F /* AlertController.swift in Sources */,
				393B9A3B273D061F000F519F /* RandomInsultGenerator.xcdatamodeld in Sources */,
				393B9A4B273D0728000F519F /* Model.swift in Sources */,
				393B9A31273D061F000F519F /* AppDelegate.swift in Sources */,
				393B9A4D273D07AB000F519F /* InsultsTableVC.swift in Sources */,
				393B9A33273D061F000F519F /* SceneDelegate.swift in Sources */,
				393B9A4F273D0B71000F519F /* StorageManager.swift in Sources */,
			);
			runOnlyForDeploymentPostprocessing = 0;
		};
/* End PBXSourcesBuildPhase section */

/* Begin PBXVariantGroup section */
		393B9A36273D061F000F519F /* Main.storyboard */ = {
			isa = PBXVariantGroup;
			children = (
				393B9A37273D061F000F519F /* Base */,
			);
			name = Main.storyboard;
			sourceTree = "<group>";
		};
		393B9A3E273D0620000F519F /* LaunchScreen.storyboard */ = {
			isa = PBXVariantGroup;
			children = (
				393B9A3F273D0620000F519F /* Base */,
			);
			name = LaunchScreen.storyboard;
			sourceTree = "<group>";
		};
/* End PBXVariantGroup section */

/* Begin XCBuildConfiguration section */
		393B9A42273D0620000F519F /* Debug */ = {
			isa = XCBuildConfiguration;
			buildSettings = {
				ALWAYS_SEARCH_USER_PATHS = NO;
				CLANG_ANALYZER_NONNULL = YES;
				CLANG_ANALYZER_NUMBER_OBJECT_CONVERSION = YES_AGGRESSIVE;
				CLANG_CXX_LANGUAGE_STANDARD = "gnu++17";
				CLANG_CXX_LIBRARY = "libc++";
				CLANG_ENABLE_MODULES = YES;
				CLANG_ENABLE_OBJC_ARC = YES;
				CLANG_ENABLE_OBJC_WEAK = YES;
				CLANG_WARN_BLOCK_CAPTURE_AUTORELEASING = YES;
				CLANG_WARN_BOOL_CONVERSION = YES;
				CLANG_WARN_COMMA = YES;
				CLANG_WARN_CONSTANT_CONVERSION = YES;
				CLANG_WARN_DEPRECATED_OBJC_IMPLEMENTATIONS = YES;
				CLANG_WARN_DIRECT_OBJC_ISA_USAGE = YES_ERROR;
				CLANG_WARN_DOCUMENTATION_COMMENTS = YES;
				CLANG_WARN_EMPTY_BODY = YES;
				CLANG_WARN_ENUM_CONVERSION = YES;
				CLANG_WARN_INFINITE_RECURSION = YES;
				CLANG_WARN_INT_CONVERSION = YES;
				CLANG_WARN_NON_LITERAL_NULL_CONVERSION = YES;
				CLANG_WARN_OBJC_IMPLICIT_RETAIN_SELF = YES;
				CLANG_WARN_OBJC_LITERAL_CONVERSION = YES;
				CLANG_WARN_OBJC_ROOT_CLASS = YES_ERROR;
				CLANG_WARN_QUOTED_INCLUDE_IN_FRAMEWORK_HEADER = YES;
				CLANG_WARN_RANGE_LOOP_ANALYSIS = YES;
				CLANG_WARN_STRICT_PROTOTYPES = YES;
				CLANG_WARN_SUSPICIOUS_MOVE = YES;
				CLANG_WARN_UNGUARDED_AVAILABILITY = YES_AGGRESSIVE;
				CLANG_WARN_UNREACHABLE_CODE = YES;
				CLANG_WARN__DUPLICATE_METHOD_MATCH = YES;
				COPY_PHASE_STRIP = NO;
				DEBUG_INFORMATION_FORMAT = dwarf;
				ENABLE_STRICT_OBJC_MSGSEND = YES;
				ENABLE_TESTABILITY = YES;
				GCC_C_LANGUAGE_STANDARD = gnu11;
				GCC_DYNAMIC_NO_PIC = NO;
				GCC_NO_COMMON_BLOCKS = YES;
				GCC_OPTIMIZATION_LEVEL = 0;
				GCC_PREPROCESSOR_DEFINITIONS = (
					"DEBUG=1",
					"$(inherited)",
				);
				GCC_WARN_64_TO_32_BIT_CONVERSION = YES;
				GCC_WARN_ABOUT_RETURN_TYPE = YES_ERROR;
				GCC_WARN_UNDECLARED_SELECTOR = YES;
				GCC_WARN_UNINITIALIZED_AUTOS = YES_AGGRESSIVE;
				GCC_WARN_UNUSED_FUNCTION = YES;
				GCC_WARN_UNUSED_VARIABLE = YES;
				IPHONEOS_DEPLOYMENT_TARGET = 15.0;
				MTL_ENABLE_DEBUG_INFO = INCLUDE_SOURCE;
				MTL_FAST_MATH = YES;
				ONLY_ACTIVE_ARCH = YES;
				SDKROOT = iphoneos;
				SWIFT_ACTIVE_COMPILATION_CONDITIONS = DEBUG;
				SWIFT_OPTIMIZATION_LEVEL = "-Onone";
			};
			name = Debug;
		};
		393B9A43273D0620000F519F /* Release */ = {
			isa = XCBuildConfiguration;
			buildSettings = {
				ALWAYS_SEARCH_USER_PATHS = NO;
				CLANG_ANALYZER_NONNULL = YES;
				CLANG_ANALYZER_NUMBER_OBJECT_CONVERSION = YES_AGGRESSIVE;
				CLANG_CXX_LANGUAGE_STANDARD = "gnu++17";
				CLANG_CXX_LIBRARY = "libc++";
				CLANG_ENABLE_MODULES = YES;
				CLANG_ENABLE_OBJC_ARC = YES;
				CLANG_ENABLE_OBJC_WEAK = YES;
				CLANG_WARN_BLOCK_CAPTURE_AUTORELEASING = YES;
				CLANG_WARN_BOOL_CONVERSION = YES;
				CLANG_WARN_COMMA = YES;
				CLANG_WARN_CONSTANT_CONVERSION = YES;
				CLANG_WARN_DEPRECATED_OBJC_IMPLEMENTATIONS = YES;
				CLANG_WARN_DIRECT_OBJC_ISA_USAGE = YES_ERROR;
				CLANG_WARN_DOCUMENTATION_COMMENTS = YES;
				CLANG_WARN_EMPTY_BODY = YES;
				CLANG_WARN_ENUM_CONVERSION = YES;
				CLANG_WARN_INFINITE_RECURSION = YES;
				CLANG_WARN_INT_CONVERSION = YES;
				CLANG_WARN_NON_LITERAL_NULL_CONVERSION = YES;
				CLANG_WARN_OBJC_IMPLICIT_RETAIN_SELF = YES;
				CLANG_WARN_OBJC_LITERAL_CONVERSION = YES;
				CLANG_WARN_OBJC_ROOT_CLASS = YES_ERROR;
				CLANG_WARN_QUOTED_INCLUDE_IN_FRAMEWORK_HEADER = YES;
				CLANG_WARN_RANGE_LOOP_ANALYSIS = YES;
				CLANG_WARN_STRICT_PROTOTYPES = YES;
				CLANG_WARN_SUSPICIOUS_MOVE = YES;
				CLANG_WARN_UNGUARDED_AVAILABILITY = YES_AGGRESSIVE;
				CLANG_WARN_UNREACHABLE_CODE = YES;
				CLANG_WARN__DUPLICATE_METHOD_MATCH = YES;
				COPY_PHASE_STRIP = NO;
				DEBUG_INFORMATION_FORMAT = "dwarf-with-dsym";
				ENABLE_NS_ASSERTIONS = NO;
				ENABLE_STRICT_OBJC_MSGSEND = YES;
				GCC_C_LANGUAGE_STANDARD = gnu11;
				GCC_NO_COMMON_BLOCKS = YES;
				GCC_WARN_64_TO_32_BIT_CONVERSION = YES;
				GCC_WARN_ABOUT_RETURN_TYPE = YES_ERROR;
				GCC_WARN_UNDECLARED_SELECTOR = YES;
				GCC_WARN_UNINITIALIZED_AUTOS = YES_AGGRESSIVE;
				GCC_WARN_UNUSED_FUNCTION = YES;
				GCC_WARN_UNUSED_VARIABLE = YES;
				IPHONEOS_DEPLOYMENT_TARGET = 15.0;
				MTL_ENABLE_DEBUG_INFO = NO;
				MTL_FAST_MATH = YES;
				SDKROOT = iphoneos;
				SWIFT_COMPILATION_MODE = wholemodule;
				SWIFT_OPTIMIZATION_LEVEL = "-O";
				VALIDATE_PRODUCT = YES;
			};
			name = Release;
		};
		393B9A45273D0620000F519F /* Debug */ = {
			isa = XCBuildConfiguration;
			buildSettings = {
				ASSETCATALOG_COMPILER_APPICON_NAME = AppIcon;
				ASSETCATALOG_COMPILER_GLOBAL_ACCENT_COLOR_NAME = AccentColor;
				CODE_SIGN_STYLE = Automatic;
				CURRENT_PROJECT_VERSION = 1;
				DEVELOPMENT_TEAM = A9J4WDMWF3;
				GENERATE_INFOPLIST_FILE = YES;
				INFOPLIST_FILE = RandomInsultGenerator/Info.plist;
				INFOPLIST_KEY_UIApplicationSupportsIndirectInputEvents = YES;
				INFOPLIST_KEY_UILaunchStoryboardName = LaunchScreen;
				INFOPLIST_KEY_UIMainStoryboardFile = Main;
				INFOPLIST_KEY_UISupportedInterfaceOrientations_iPad = "UIInterfaceOrientationPortrait UIInterfaceOrientationPortraitUpsideDown UIInterfaceOrientationLandscapeLeft UIInterfaceOrientationLandscapeRight";
				INFOPLIST_KEY_UISupportedInterfaceOrientations_iPhone = "UIInterfaceOrientationPortrait UIInterfaceOrientationLandscapeLeft UIInterfaceOrientationLandscapeRight";
				LD_RUNPATH_SEARCH_PATHS = (
					"$(inherited)",
					"@executable_path/Frameworks",
				);
				MARKETING_VERSION = 1.0;
				PRODUCT_BUNDLE_IDENTIFIER = bulatK.RandomInsultGenerator;
				PRODUCT_NAME = "$(TARGET_NAME)";
				SWIFT_EMIT_LOC_STRINGS = YES;
				SWIFT_VERSION = 5.0;
				TARGETED_DEVICE_FAMILY = "1,2";
			};
			name = Debug;
		};
		393B9A46273D0620000F519F /* Release */ = {
			isa = XCBuildConfiguration;
			buildSettings = {
				ASSETCATALOG_COMPILER_APPICON_NAME = AppIcon;
				ASSETCATALOG_COMPILER_GLOBAL_ACCENT_COLOR_NAME = AccentColor;
				CODE_SIGN_STYLE = Automatic;
				CURRENT_PROJECT_VERSION = 1;
				DEVELOPMENT_TEAM = A9J4WDMWF3;
				GENERATE_INFOPLIST_FILE = YES;
				INFOPLIST_FILE = RandomInsultGenerator/Info.plist;
				INFOPLIST_KEY_UIApplicationSupportsIndirectInputEvents = YES;
				INFOPLIST_KEY_UILaunchStoryboardName = LaunchScreen;
				INFOPLIST_KEY_UIMainStoryboardFile = Main;
				INFOPLIST_KEY_UISupportedInterfaceOrientations_iPad = "UIInterfaceOrientationPortrait UIInterfaceOrientationPortraitUpsideDown UIInterfaceOrientationLandscapeLeft UIInterfaceOrientationLandscapeRight";
				INFOPLIST_KEY_UISupportedInterfaceOrientations_iPhone = "UIInterfaceOrientationPortrait UIInterfaceOrientationLandscapeLeft UIInterfaceOrientationLandscapeRight";
				LD_RUNPATH_SEARCH_PATHS = (
					"$(inherited)",
					"@executable_path/Frameworks",
				);
				MARKETING_VERSION = 1.0;
				PRODUCT_BUNDLE_IDENTIFIER = bulatK.RandomInsultGenerator;
				PRODUCT_NAME = "$(TARGET_NAME)";
				SWIFT_EMIT_LOC_STRINGS = YES;
				SWIFT_VERSION = 5.0;
				TARGETED_DEVICE_FAMILY = "1,2";
			};
			name = Release;
		};
/* End XCBuildConfiguration section */

/* Begin XCConfigurationList section */
		393B9A28273D061F000F519F /* Build configuration list for PBXProject "RandomInsultGenerator" */ = {
			isa = XCConfigurationList;
			buildConfigurations = (
				393B9A42273D0620000F519F /* Debug */,
				393B9A43273D0620000F519F /* Release */,
			);
			defaultConfigurationIsVisible = 0;
			defaultConfigurationName = Release;
		};
		393B9A44273D0620000F519F /* Build configuration list for PBXNativeTarget "RandomInsultGenerator" */ = {
			isa = XCConfigurationList;
			buildConfigurations = (
				393B9A45273D0620000F519F /* Debug */,
				393B9A46273D0620000F519F /* Release */,
			);
			defaultConfigurationIsVisible = 0;
			defaultConfigurationName = Release;
		};
/* End XCConfigurationList section */

/* Begin XCVersionGroup section */
		393B9A39273D061F000F519F /* RandomInsultGenerator.xcdatamodeld */ = {
			isa = XCVersionGroup;
			children = (
				393B9A3A273D061F000F519F /* RandomInsultGenerator.xcdatamodel */,
			);
			currentVersion = 393B9A3A273D061F000F519F /* RandomInsultGenerator.xcdatamodel */;
			path = RandomInsultGenerator.xcdatamodeld;
			sourceTree = "<group>";
			versionGroupType = wrapper.xcdatamodel;
		};
/* End XCVersionGroup section */
	};
	rootObject = 393B9A25273D061F000F519F /* Project object */;
}
